# -------------------------------------------------------------------------- #
#
# Copyright (C) 2025  Altera Corporation. All rights reserved.
# Your use of Altera Corporation's design tools, logic functions 
# and other software and tools, and any partner logic 
# functions, and any output files from any of the foregoing 
# (including device programming or simulation files), and any 
# associated documentation or information are expressly subject 
# to the terms and conditions of the Altera Program License 
# Subscription Agreement, the Altera Quartus Prime License Agreement,
# the Altera IP License Agreement, or other applicable license
# agreement, including, without limitation, that your use is for
# the sole purpose of programming logic devices manufactured by
# Altera and sold by Altera or its authorized distributors.  Please
# refer to the Altera Software License Subscription Agreements 
# on the Quartus Prime software download page.
#
# -------------------------------------------------------------------------- #
#
# Quartus Prime
# Version 24.1std.0 Build 1077 03/04/2025 SC Lite Edition
# Date created = 02:53:29  October 29, 2025
#
# -------------------------------------------------------------------------- #
#
# Notes:
#
# 1) The default values for assignments are stored in the file:
#		displayLedsEntradaSaida_assignment_defaults.qdf
#    If this file doesn't exist, see file:
#		assignment_defaults.qdf
#
# 2) Intel recommends that you do not modify this file. This
#    file is updated automatically by the Quartus Prime software
#    and any changes you make may be lost or overwritten.
#
# -------------------------------------------------------------------------- #


set_global_assignment -name FAMILY "Cyclone IV E"
set_global_assignment -name DEVICE EP4CE115F29C7
set_global_assignment -name TOP_LEVEL_ENTITY outputDisplay
set_global_assignment -name ORIGINAL_QUARTUS_VERSION 24.1STD.0
set_global_assignment -name PROJECT_CREATION_TIME_DATE "02:53:29  OCTOBER 29, 2025"
set_global_assignment -name LAST_QUARTUS_VERSION "21.1.0 Lite Edition"
set_global_assignment -name PROJECT_OUTPUT_DIRECTORY output_files
set_global_assignment -name ERROR_CHECK_FREQUENCY_DIVISOR 256
set_global_assignment -name MIN_CORE_JUNCTION_TEMP 0
set_global_assignment -name MAX_CORE_JUNCTION_TEMP 85
set_global_assignment -name EDA_SIMULATION_TOOL "Questa Intel FPGA (Verilog)"
set_global_assignment -name EDA_TIME_SCALE "1 ps" -section_id eda_simulation
set_global_assignment -name EDA_OUTPUT_DATA_FORMAT "VERILOG HDL" -section_id eda_simulation
set_global_assignment -name EDA_GENERATE_FUNCTIONAL_NETLIST OFF -section_id eda_board_design_timing
set_global_assignment -name EDA_GENERATE_FUNCTIONAL_NETLIST OFF -section_id eda_board_design_symbol
set_global_assignment -name EDA_GENERATE_FUNCTIONAL_NETLIST OFF -section_id eda_board_design_signal_integrity
set_global_assignment -name EDA_GENERATE_FUNCTIONAL_NETLIST OFF -section_id eda_board_design_boundary_scan
set_global_assignment -name BDF_FILE displayLedsEntradaSaida.bdf
set_global_assignment -name BDF_FILE halfAdder.bdf
set_global_assignment -name BDF_FILE fullAdder.bdf
set_global_assignment -name BDF_FILE detector_1010.bdf
set_global_assignment -name BDF_FILE multiplexer_2x1.bdf
set_global_assignment -name BDF_FILE multiplexer_2x1_4bits.bdf
set_global_assignment -name BDF_FILE adder4Bits.bdf
set_global_assignment -name BDF_FILE subtrator.bdf
set_global_assignment -name BDF_FILE inputDisplay.bdf
set_location_assignment PIN_AD26 -to B[1]
set_location_assignment PIN_AB26 -to B[2]
set_location_assignment PIN_AC25 -to B[3]
set_location_assignment PIN_G19 -to A0_OUT
set_location_assignment PIN_F19 -to A1_OUT
set_location_assignment PIN_E19 -to A2_OUT
set_location_assignment PIN_F21 -to A3_OUT
set_location_assignment PIN_F18 -to SA_OUT
set_location_assignment PIN_E18 -to B0_OUT
set_location_assignment PIN_J19 -to B1_OUT
set_location_assignment PIN_H19 -to B2_OUT
set_location_assignment PIN_J17 -to B3_OUT
set_location_assignment PIN_G17 -to SB_OUT
set_location_assignment PIN_AB19 -to A_display0_a
set_location_assignment PIN_AA19 -to A_display0_b
set_location_assignment PIN_AG21 -to A_display0_c
set_location_assignment PIN_AH21 -to A_display0_d
set_location_assignment PIN_AE19 -to A_display0_e
set_location_assignment PIN_AF19 -to A_display0_f
set_location_assignment PIN_AE18 -to A_display0_g
set_location_assignment PIN_AD18 -to A_display1_a
set_location_assignment PIN_AC18 -to A_display1_b
set_location_assignment PIN_AB18 -to A_display1_c
set_location_assignment PIN_AH19 -to A_display1_d
set_location_assignment PIN_AG19 -to A_display1_e
set_location_assignment PIN_AF18 -to A_display1_f
set_location_assignment PIN_AH18 -to A_display1_g
set_location_assignment PIN_AA17 -to B_display0_a
set_location_assignment PIN_AB16 -to B_display0_b
set_location_assignment PIN_AA16 -to B_display0_c
set_location_assignment PIN_AB17 -to B_display0_d
set_location_assignment PIN_AB15 -to B_display0_e
set_location_assignment PIN_AA15 -to B_display0_f
set_location_assignment PIN_AC17 -to B_display0_g
set_location_assignment PIN_AA14 -to B_display1_g
set_location_assignment PIN_AG18 -to B_display1_f
set_location_assignment PIN_AF17 -to B_display1_e
set_location_assignment PIN_AH17 -to B_display1_d
set_location_assignment PIN_AG17 -to B_display1_c
set_location_assignment PIN_AE17 -to B_display1_b
set_location_assignment PIN_AD17 -to B_display1_a
set_global_assignment -name BDF_FILE outputDisplay.bdf
set_global_assignment -name BDF_FILE detector_01010_10100_11110.bdf
set_global_assignment -name BDF_FILE adder_5bits.bdf
set_global_assignment -name BDF_FILE subtrator_5bits_01010.bdf
set_global_assignment -name BDF_FILE subtrator_5bits_11110.bdf
set_global_assignment -name BDF_FILE subtrator_5bits_10100.bdf
set_global_assignment -name BDF_FILE multiplexer4x1.bdf
set_global_assignment -name BDF_FILE multiplexer_16x4_4x1.bdf
set_location_assignment PIN_G18 -to display0_a
set_location_assignment PIN_F22 -to display0_b
set_location_assignment PIN_E17 -to display0_c
set_location_assignment PIN_L26 -to display0_d
set_location_assignment PIN_L25 -to display0_e
set_location_assignment PIN_J22 -to display0_f
set_location_assignment PIN_H22 -to display0_g
set_location_assignment PIN_M24 -to display1_a
set_location_assignment PIN_Y22 -to display1_b
set_location_assignment PIN_W21 -to display1_c
set_location_assignment PIN_W25 -to display1_e
set_location_assignment PIN_W22 -to display1_d
set_location_assignment PIN_U23 -to display1_f
set_location_assignment PIN_U24 -to display1_g
set_global_assignment -name VECTOR_WAVEFORM_FILE output_files/Waveform.vwf
set_global_assignment -name PARTITION_NETLIST_TYPE SOURCE -section_id Top
set_global_assignment -name PARTITION_FITTER_PRESERVATION_LEVEL PLACEMENT_AND_ROUTING -section_id Top
set_global_assignment -name PARTITION_COLOR 16764057 -section_id Top
set_global_assignment -name BDF_FILE output_files/bcd_signal.bdf
set_location_assignment PIN_AA25 -to display2_a
set_location_assignment PIN_AA26 -to display2_b
set_location_assignment PIN_Y25 -to display2_c
set_location_assignment PIN_W26 -to display2_d
set_location_assignment PIN_Y26 -to display2_e
set_location_assignment PIN_W27 -to display2_f
set_location_assignment PIN_W28 -to display2_g
set_location_assignment PIN_AC26 -to F[5]
set_location_assignment PIN_AB28 -to F[0]
set_location_assignment PIN_AB27 -to F[4]
set_location_assignment PIN_AC28 -to F[1]
set_location_assignment PIN_AC27 -to F[2]
set_location_assignment PIN_AD27 -to F[3]
set_location_assignment PIN_E21 -to F_0
set_location_assignment PIN_E22 -to F_1
set_location_assignment PIN_E25 -to F_2
set_location_assignment PIN_E24 -to F_3
set_location_assignment PIN_H21 -to F_4
set_location_assignment PIN_G20 -to F_S
set_instance_assignment -name PARTITION_HIERARCHY root_partition -to | -section_id Top